// !$*UTF8*$!
{
	archiveVersion = 1;
	classes = {
	};
	objectVersion = 55;
	objects = {

/* Begin PBXBuildFile section */
		B200E7522840B5AC0047B4F8 /* AppDelegate.swift in Sources */ = {isa = PBXBuildFile; fileRef = B200E7512840B5AC0047B4F8 /* AppDelegate.swift */; };
		B200E7542840B5AC0047B4F8 /* SceneDelegate.swift in Sources */ = {isa = PBXBuildFile; fileRef = B200E7532840B5AC0047B4F8 /* SceneDelegate.swift */; };
		B200E7562840B5AC0047B4F8 /* ViewController.swift in Sources */ = {isa = PBXBuildFile; fileRef = B200E7552840B5AC0047B4F8 /* ViewController.swift */; };
		B200E7592840B5AC0047B4F8 /* Main.storyboard in Resources */ = {isa = PBXBuildFile; fileRef = B200E7572840B5AC0047B4F8 /* Main.storyboard */; };
		B200E75B2840B5AE0047B4F8 /* Assets.xcassets in Resources */ = {isa = PBXBuildFile; fileRef = B200E75A2840B5AE0047B4F8 /* Assets.xcassets */; };
		B200E75E2840B5AE0047B4F8 /* LaunchScreen.storyboard in Resources */ = {isa = PBXBuildFile; fileRef = B200E75C2840B5AE0047B4F8 /* LaunchScreen.storyboard */; };
		B200E7692840B5AE0047B4F8 /* FlowMobileAppTests.swift in Sources */ = {isa = PBXBuildFile; fileRef = B200E7682840B5AE0047B4F8 /* FlowMobileAppTests.swift */; };
		B200E7732840B5AE0047B4F8 /* FlowMobileAppUITests.swift in Sources */ = {isa = PBXBuildFile; fileRef = B200E7722840B5AE0047B4F8 /* FlowMobileAppUITests.swift */; };
		B200E7752840B5AE0047B4F8 /* FlowMobileAppUITestsLaunchTests.swift in Sources */ = {isa = PBXBuildFile; fileRef = B200E7742840B5AE0047B4F8 /* FlowMobileAppUITestsLaunchTests.swift */; };
/* End PBXBuildFile section */

/* Begin PBXContainerItemProxy section */
		B200E7652840B5AE0047B4F8 /* PBXContainerItemProxy */ = {
			isa = PBXContainerItemProxy;
			containerPortal = B200E7462840B5AC0047B4F8 /* Project object */;
			proxyType = 1;
			remoteGlobalIDString = B200E74D2840B5AC0047B4F8;
			remoteInfo = FlowMobileApp;
		};
		B200E76F2840B5AE0047B4F8 /* PBXContainerItemProxy */ = {
			isa = PBXContainerItemProxy;
			containerPortal = B200E7462840B5AC0047B4F8 /* Project object */;
			proxyType = 1;
			remoteGlobalIDString = B200E74D2840B5AC0047B4F8;
			remoteInfo = FlowMobileApp;
		};
/* End PBXContainerItemProxy section */

/* Begin PBXFileReference section */
		B200E74E2840B5AC0047B4F8 /* FlowMobileApp.app */ = {isa = PBXFileReference; explicitFileType = wrapper.application; includeInIndex = 0; path = FlowMobileApp.app; sourceTree = BUILT_PRODUCTS_DIR; };
		B200E7512840B5AC0047B4F8 /* AppDelegate.swift */ = {isa = PBXFileReference; lastKnownFileType = sourcecode.swift; path = AppDelegate.swift; sourceTree = "<group>"; };
		B200E7532840B5AC0047B4F8 /* SceneDelegate.swift */ = {isa = PBXFileReference; lastKnownFileType = sourcecode.swift; path = SceneDelegate.swift; sourceTree = "<group>"; };
		B200E7552840B5AC0047B4F8 /* ViewController.swift */ = {isa = PBXFileReference; lastKnownFileType = sourcecode.swift; path = ViewController.swift; sourceTree = "<group>"; };
		B200E7582840B5AC0047B4F8 /* Base */ = {isa = PBXFileReference; lastKnownFileType = file.storyboard; name = Base; path = Base.lproj/Main.storyboard; sourceTree = "<group>"; };
		B200E75A2840B5AE0047B4F8 /* Assets.xcassets */ = {isa = PBXFileReference; lastKnownFileType = folder.assetcatalog; path = Assets.xcassets; sourceTree = "<group>"; };
		B200E75D2840B5AE0047B4F8 /* Base */ = {isa = PBXFileReference; lastKnownFileType = file.storyboard; name = Base; path = Base.lproj/LaunchScreen.storyboard; sourceTree = "<group>"; };
		B200E75F2840B5AE0047B4F8 /* Info.plist */ = {isa = PBXFileReference; lastKnownFileType = text.plist.xml; path = Info.plist; sourceTree = "<group>"; };
		B200E7642840B5AE0047B4F8 /* FlowMobileAppTests.xctest */ = {isa = PBXFileReference; explicitFileType = wrapper.cfbundle; includeInIndex = 0; path = FlowMobileAppTests.xctest; sourceTree = BUILT_PRODUCTS_DIR; };
		B200E7682840B5AE0047B4F8 /* FlowMobileAppTests.swift */ = {isa = PBXFileReference; lastKnownFileType = sourcecode.swift; path = FlowMobileAppTests.swift; sourceTree = "<group>"; };
		B200E76E2840B5AE0047B4F8 /* FlowMobileAppUITests.xctest */ = {isa = PBXFileReference; explicitFileType = wrapper.cfbundle; includeInIndex = 0; path = FlowMobileAppUITests.xctest; sourceTree = BUILT_PRODUCTS_DIR; };
		B200E7722840B5AE0047B4F8 /* FlowMobileAppUITests.swift */ = {isa = PBXFileReference; lastKnownFileType = sourcecode.swift; path = FlowMobileAppUITests.swift; sourceTree = "<group>"; };
		B200E7742840B5AE0047B4F8 /* FlowMobileAppUITestsLaunchTests.swift */ = {isa = PBXFileReference; lastKnownFileType = sourcecode.swift; path = FlowMobileAppUITestsLaunchTests.swift; sourceTree = "<group>"; };
/* End PBXFileReference section */

/* Begin PBXFrameworksBuildPhase section */
		B200E74B2840B5AC0047B4F8 /* Frameworks */ = {
			isa = PBXFrameworksBuildPhase;
			buildActionMask = 2147483647;
			files = (
			);
			runOnlyForDeploymentPostprocessing = 0;
		};
		B200E7612840B5AE0047B4F8 /* Frameworks */ = {
			isa = PBXFrameworksBuildPhase;
			buildActionMask = 2147483647;
			files = (
			);
			runOnlyForDeploymentPostprocessing = 0;
		};
		B200E76B2840B5AE0047B4F8 /* Frameworks */ = {
			isa = PBXFrameworksBuildPhase;
			buildActionMask = 2147483647;
			files = (
			);
			runOnlyForDeploymentPostprocessing = 0;
		};
/* End PBXFrameworksBuildPhase section */

/* Begin PBXGroup section */
		B200E7452840B5AC0047B4F8 = {
			isa = PBXGroup;
			children = (
				B200E7502840B5AC0047B4F8 /* FlowMobileApp */,
				B200E7672840B5AE0047B4F8 /* FlowMobileAppTests */,
				B200E7712840B5AE0047B4F8 /* FlowMobileAppUITests */,
				B200E74F2840B5AC0047B4F8 /* Products */,
			);
			sourceTree = "<group>";
		};
		B200E74F2840B5AC0047B4F8 /* Products */ = {
			isa = PBXGroup;
			children = (
				B200E74E2840B5AC0047B4F8 /* FlowMobileApp.app */,
				B200E7642840B5AE0047B4F8 /* FlowMobileAppTests.xctest */,
				B200E76E2840B5AE0047B4F8 /* FlowMobileAppUITests.xctest */,
			);
			name = Products;
			sourceTree = "<group>";
		};
		B200E7502840B5AC0047B4F8 /* FlowMobileApp */ = {
			isa = PBXGroup;
			children = (
				B200E7512840B5AC0047B4F8 /* AppDelegate.swift */,
				B200E7532840B5AC0047B4F8 /* SceneDelegate.swift */,
				B200E7552840B5AC0047B4F8 /* ViewController.swift */,
				B200E7572840B5AC0047B4F8 /* Main.storyboard */,
				B200E75A2840B5AE0047B4F8 /* Assets.xcassets */,
				B200E75C2840B5AE0047B4F8 /* LaunchScreen.storyboard */,
				B200E75F2840B5AE0047B4F8 /* Info.plist */,
			);
			path = FlowMobileApp;
			sourceTree = "<group>";
		};
		B200E7672840B5AE0047B4F8 /* FlowMobileAppTests */ = {
			isa = PBXGroup;
			children = (
				B200E7682840B5AE0047B4F8 /* FlowMobileAppTests.swift */,
			);
			path = FlowMobileAppTests;
			sourceTree = "<group>";
		};
		B200E7712840B5AE0047B4F8 /* FlowMobileAppUITests */ = {
			isa = PBXGroup;
			children = (
				B200E7722840B5AE0047B4F8 /* FlowMobileAppUITests.swift */,
				B200E7742840B5AE0047B4F8 /* FlowMobileAppUITestsLaunchTests.swift */,
			);
			path = FlowMobileAppUITests;
			sourceTree = "<group>";
		};
/* End PBXGroup section */

/* Begin PBXNativeTarget section */
		B200E74D2840B5AC0047B4F8 /* FlowMobileApp */ = {
			isa = PBXNativeTarget;
			buildConfigurationList = B200E7782840B5AE0047B4F8 /* Build configuration list for PBXNativeTarget "FlowMobileApp" */;
			buildPhases = (
				B200E74A2840B5AC0047B4F8 /* Sources */,
				B200E74B2840B5AC0047B4F8 /* Frameworks */,
				B200E74C2840B5AC0047B4F8 /* Resources */,
			);
			buildRules = (
			);
			dependencies = (
			);
			name = FlowMobileApp;
			productName = FlowMobileApp;
			productReference = B200E74E2840B5AC0047B4F8 /* FlowMobileApp.app */;
			productType = "com.apple.product-type.application";
		};
		B200E7632840B5AE0047B4F8 /* FlowMobileAppTests */ = {
			isa = PBXNativeTarget;
			buildConfigurationList = B200E77B2840B5AE0047B4F8 /* Build configuration list for PBXNativeTarget "FlowMobileAppTests" */;
			buildPhases = (
				B200E7602840B5AE0047B4F8 /* Sources */,
				B200E7612840B5AE0047B4F8 /* Frameworks */,
				B200E7622840B5AE0047B4F8 /* Resources */,
			);
			buildRules = (
			);
			dependencies = (
				B200E7662840B5AE0047B4F8 /* PBXTargetDependency */,
			);
			name = FlowMobileAppTests;
			productName = FlowMobileAppTests;
			productReference = B200E7642840B5AE0047B4F8 /* FlowMobileAppTests.xctest */;
			productType = "com.apple.product-type.bundle.unit-test";
		};
		B200E76D2840B5AE0047B4F8 /* FlowMobileAppUITests */ = {
			isa = PBXNativeTarget;
			buildConfigurationList = B200E77E2840B5AE0047B4F8 /* Build configuration list for PBXNativeTarget "FlowMobileAppUITests" */;
			buildPhases = (
				B200E76A2840B5AE0047B4F8 /* Sources */,
				B200E76B2840B5AE0047B4F8 /* Frameworks */,
				B200E76C2840B5AE0047B4F8 /* Resources */,
			);
			buildRules = (
			);
			dependencies = (
				B200E7702840B5AE0047B4F8 /* PBXTargetDependency */,
			);
			name = FlowMobileAppUITests;
			productName = FlowMobileAppUITests;
			productReference = B200E76E2840B5AE0047B4F8 /* FlowMobileAppUITests.xctest */;
			productType = "com.apple.product-type.bundle.ui-testing";
		};
/* End PBXNativeTarget section */

/* Begin PBXProject section */
		B200E7462840B5AC0047B4F8 /* Project object */ = {
			isa = PBXProject;
			attributes = {
				BuildIndependentTargetsInParallel = 1;
				LastSwiftUpdateCheck = 1340;
				LastUpgradeCheck = 1340;
				TargetAttributes = {
					B200E74D2840B5AC0047B4F8 = {
						CreatedOnToolsVersion = 13.4;
					};
					B200E7632840B5AE0047B4F8 = {
						CreatedOnToolsVersion = 13.4;
						TestTargetID = B200E74D2840B5AC0047B4F8;
					};
					B200E76D2840B5AE0047B4F8 = {
						CreatedOnToolsVersion = 13.4;
						TestTargetID = B200E74D2840B5AC0047B4F8;
					};
				};
			};
			buildConfigurationList = B200E7492840B5AC0047B4F8 /* Build configuration list for PBXProject "FlowMobileApp" */;
			compatibilityVersion = "Xcode 13.0";
			developmentRegion = en;
			hasScannedForEncodings = 0;
			knownRegions = (
				en,
				Base,
			);
			mainGroup = B200E7452840B5AC0047B4F8;
			productRefGroup = B200E74F2840B5AC0047B4F8 /* Products */;
			projectDirPath = "";
			projectRoot = "";
			targets = (
				B200E74D2840B5AC0047B4F8 /* FlowMobileApp */,
				B200E7632840B5AE0047B4F8 /* FlowMobileAppTests */,
				B200E76D2840B5AE0047B4F8 /* FlowMobileAppUITests */,
			);
		};
/* End PBXProject section */

/* Begin PBXResourcesBuildPhase section */
		B200E74C2840B5AC0047B4F8 /* Resources */ = {
			isa = PBXResourcesBuildPhase;
			buildActionMask = 2147483647;
			files = (
				B200E75E2840B5AE0047B4F8 /* LaunchScreen.storyboard in Resources */,
				B200E75B2840B5AE0047B4F8 /* Assets.xcassets in Resources */,
				B200E7592840B5AC0047B4F8 /* Main.storyboard in Resources */,
			);
			runOnlyForDeploymentPostprocessing = 0;
		};
		B200E7622840B5AE0047B4F8 /* Resources */ = {
			isa = PBXResourcesBuildPhase;
			buildActionMask = 2147483647;
			files = (
			);
			runOnlyForDeploymentPostprocessing = 0;
		};
		B200E76C2840B5AE0047B4F8 /* Resources */ = {
			isa = PBXResourcesBuildPhase;
			buildActionMask = 2147483647;
			files = (
			);
			runOnlyForDeploymentPostprocessing = 0;
		};
/* End PBXResourcesBuildPhase section */

/* Begin PBXSourcesBuildPhase section */
		B200E74A2840B5AC0047B4F8 /* Sources */ = {
			isa = PBXSourcesBuildPhase;
			buildActionMask = 2147483647;
			files = (
				B200E7562840B5AC0047B4F8 /* ViewController.swift in Sources */,
				B200E7522840B5AC0047B4F8 /* AppDelegate.swift in Sources */,
				B200E7542840B5AC0047B4F8 /* SceneDelegate.swift in Sources */,
			);
			runOnlyForDeploymentPostprocessing = 0;
		};
		B200E7602840B5AE0047B4F8 /* Sources */ = {
			isa = PBXSourcesBuildPhase;
			buildActionMask = 2147483647;
			files = (
				B200E7692840B5AE0047B4F8 /* FlowMobileAppTests.swift in Sources */,
			);
			runOnlyForDeploymentPostprocessing = 0;
		};
		B200E76A2840B5AE0047B4F8 /* Sources */ = {
			isa = PBXSourcesBuildPhase;
			buildActionMask = 2147483647;
			files = (
				B200E7752840B5AE0047B4F8 /* FlowMobileAppUITestsLaunchTests.swift in Sources */,
				B200E7732840B5AE0047B4F8 /* FlowMobileAppUITests.swift in Sources */,
			);
			runOnlyForDeploymentPostprocessing = 0;
		};
/* End PBXSourcesBuildPhase section */

/* Begin PBXTargetDependency section */
		B200E7662840B5AE0047B4F8 /* PBXTargetDependency */ = {
			isa = PBXTargetDependency;
			target = B200E74D2840B5AC0047B4F8 /* FlowMobileApp */;
			targetProxy = B200E7652840B5AE0047B4F8 /* PBXContainerItemProxy */;
		};
		B200E7702840B5AE0047B4F8 /* PBXTargetDependency */ = {
			isa = PBXTargetDependency;
			target = B200E74D2840B5AC0047B4F8 /* FlowMobileApp */;
			targetProxy = B200E76F2840B5AE0047B4F8 /* PBXContainerItemProxy */;
		};
/* End PBXTargetDependency section */

/* Begin PBXVariantGroup section */
		B200E7572840B5AC0047B4F8 /* Main.storyboard */ = {
			isa = PBXVariantGroup;
			children = (
				B200E7582840B5AC0047B4F8 /* Base */,
			);
			name = Main.storyboard;
			sourceTree = "<group>";
		};
		B200E75C2840B5AE0047B4F8 /* LaunchScreen.storyboard */ = {
			isa = PBXVariantGroup;
			children = (
				B200E75D2840B5AE0047B4F8 /* Base */,
			);
			name = LaunchScreen.storyboard;
			sourceTree = "<group>";
		};
/* End PBXVariantGroup section */

/* Begin XCBuildConfiguration section */
		B200E7762840B5AE0047B4F8 /* Debug */ = {
			isa = XCBuildConfiguration;
			buildSettings = {
				ALWAYS_SEARCH_USER_PATHS = NO;
				CLANG_ANALYZER_NONNULL = YES;
				CLANG_ANALYZER_NUMBER_OBJECT_CONVERSION = YES_AGGRESSIVE;
				CLANG_CXX_LANGUAGE_STANDARD = "gnu++17";
				CLANG_ENABLE_MODULES = YES;
				CLANG_ENABLE_OBJC_ARC = YES;
				CLANG_ENABLE_OBJC_WEAK = YES;
				CLANG_WARN_BLOCK_CAPTURE_AUTORELEASING = YES;
				CLANG_WARN_BOOL_CONVERSION = YES;
				CLANG_WARN_COMMA = YES;
				CLANG_WARN_CONSTANT_CONVERSION = YES;
				CLANG_WARN_DEPRECATED_OBJC_IMPLEMENTATIONS = YES;
				CLANG_WARN_DIRECT_OBJC_ISA_USAGE = YES_ERROR;
				CLANG_WARN_DOCUMENTATION_COMMENTS = YES;
				CLANG_WARN_EMPTY_BODY = YES;
				CLANG_WARN_ENUM_CONVERSION = YES;
				CLANG_WARN_INFINITE_RECURSION = YES;
				CLANG_WARN_INT_CONVERSION = YES;
				CLANG_WARN_NON_LITERAL_NULL_CONVERSION = YES;
				CLANG_WARN_OBJC_IMPLICIT_RETAIN_SELF = YES;
				CLANG_WARN_OBJC_LITERAL_CONVERSION = YES;
				CLANG_WARN_OBJC_ROOT_CLASS = YES_ERROR;
				CLANG_WARN_QUOTED_INCLUDE_IN_FRAMEWORK_HEADER = YES;
				CLANG_WARN_RANGE_LOOP_ANALYSIS = YES;
				CLANG_WARN_STRICT_PROTOTYPES = YES;
				CLANG_WARN_SUSPICIOUS_MOVE = YES;
				CLANG_WARN_UNGUARDED_AVAILABILITY = YES_AGGRESSIVE;
				CLANG_WARN_UNREACHABLE_CODE = YES;
				CLANG_WARN__DUPLICATE_METHOD_MATCH = YES;
				COPY_PHASE_STRIP = NO;
				DEBUG_INFORMATION_FORMAT = dwarf;
				ENABLE_STRICT_OBJC_MSGSEND = YES;
				ENABLE_TESTABILITY = YES;
				GCC_C_LANGUAGE_STANDARD = gnu11;
				GCC_DYNAMIC_NO_PIC = NO;
				GCC_NO_COMMON_BLOCKS = YES;
				GCC_OPTIMIZATION_LEVEL = 0;
				GCC_PREPROCESSOR_DEFINITIONS = (
					"DEBUG=1",
					"$(inherited)",
				);
				GCC_WARN_64_TO_32_BIT_CONVERSION = YES;
				GCC_WARN_ABOUT_RETURN_TYPE = YES_ERROR;
				GCC_WARN_UNDECLARED_SELECTOR = YES;
				GCC_WARN_UNINITIALIZED_AUTOS = YES_AGGRESSIVE;
				GCC_WARN_UNUSED_FUNCTION = YES;
				GCC_WARN_UNUSED_VARIABLE = YES;
				IPHONEOS_DEPLOYMENT_TARGET = 15.5;
				MTL_ENABLE_DEBUG_INFO = INCLUDE_SOURCE;
				MTL_FAST_MATH = YES;
				ONLY_ACTIVE_ARCH = YES;
				SDKROOT = iphoneos;
				SWIFT_ACTIVE_COMPILATION_CONDITIONS = DEBUG;
				SWIFT_OPTIMIZATION_LEVEL = "-Onone";
			};
			name = Debug;
		};
		B200E7772840B5AE0047B4F8 /* Release */ = {
			isa = XCBuildConfiguration;
			buildSettings = {
				ALWAYS_SEARCH_USER_PATHS = NO;
				CLANG_ANALYZER_NONNULL = YES;
				CLANG_ANALYZER_NUMBER_OBJECT_CONVERSION = YES_AGGRESSIVE;
				CLANG_CXX_LANGUAGE_STANDARD = "gnu++17";
				CLANG_ENABLE_MODULES = YES;
				CLANG_ENABLE_OBJC_ARC = YES;
				CLANG_ENABLE_OBJC_WEAK = YES;
				CLANG_WARN_BLOCK_CAPTURE_AUTORELEASING = YES;
				CLANG_WARN_BOOL_CONVERSION = YES;
				CLANG_WARN_COMMA = YES;
				CLANG_WARN_CONSTANT_CONVERSION = YES;
				CLANG_WARN_DEPRECATED_OBJC_IMPLEMENTATIONS = YES;
				CLANG_WARN_DIRECT_OBJC_ISA_USAGE = YES_ERROR;
				CLANG_WARN_DOCUMENTATION_COMMENTS = YES;
				CLANG_WARN_EMPTY_BODY = YES;
				CLANG_WARN_ENUM_CONVERSION = YES;
				CLANG_WARN_INFINITE_RECURSION = YES;
				CLANG_WARN_INT_CONVERSION = YES;
				CLANG_WARN_NON_LITERAL_NULL_CONVERSION = YES;
				CLANG_WARN_OBJC_IMPLICIT_RETAIN_SELF = YES;
				CLANG_WARN_OBJC_LITERAL_CONVERSION = YES;
				CLANG_WARN_OBJC_ROOT_CLASS = YES_ERROR;
				CLANG_WARN_QUOTED_INCLUDE_IN_FRAMEWORK_HEADER = YES;
				CLANG_WARN_RANGE_LOOP_ANALYSIS = YES;
				CLANG_WARN_STRICT_PROTOTYPES = YES;
				CLANG_WARN_SUSPICIOUS_MOVE = YES;
				CLANG_WARN_UNGUARDED_AVAILABILITY = YES_AGGRESSIVE;
				CLANG_WARN_UNREACHABLE_CODE = YES;
				CLANG_WARN__DUPLICATE_METHOD_MATCH = YES;
				COPY_PHASE_STRIP = NO;
				DEBUG_INFORMATION_FORMAT = "dwarf-with-dsym";
				ENABLE_NS_ASSERTIONS = NO;
				ENABLE_STRICT_OBJC_MSGSEND = YES;
				GCC_C_LANGUAGE_STANDARD = gnu11;
				GCC_NO_COMMON_BLOCKS = YES;
				GCC_WARN_64_TO_32_BIT_CONVERSION = YES;
				GCC_WARN_ABOUT_RETURN_TYPE = YES_ERROR;
				GCC_WARN_UNDECLARED_SELECTOR = YES;
				GCC_WARN_UNINITIALIZED_AUTOS = YES_AGGRESSIVE;
				GCC_WARN_UNUSED_FUNCTION = YES;
				GCC_WARN_UNUSED_VARIABLE = YES;
				IPHONEOS_DEPLOYMENT_TARGET = 15.5;
				MTL_ENABLE_DEBUG_INFO = NO;
				MTL_FAST_MATH = YES;
				SDKROOT = iphoneos;
				SWIFT_COMPILATION_MODE = wholemodule;
				SWIFT_OPTIMIZATION_LEVEL = "-O";
				VALIDATE_PRODUCT = YES;
			};
			name = Release;
		};
		B200E7792840B5AE0047B4F8 /* Debug */ = {
			isa = XCBuildConfiguration;
			buildSettings = {
				ASSETCATALOG_COMPILER_APPICON_NAME = AppIcon;
				ASSETCATALOG_COMPILER_GLOBAL_ACCENT_COLOR_NAME = AccentColor;
				CODE_SIGN_STYLE = Automatic;
				CURRENT_PROJECT_VERSION = 1;
				DEVELOPMENT_TEAM = 6P8C5K6GS8;
				GENERATE_INFOPLIST_FILE = YES;
				INFOPLIST_FILE = FlowMobileApp/Info.plist;
				INFOPLIST_KEY_UIApplicationSupportsIndirectInputEvents = YES;
				INFOPLIST_KEY_UILaunchStoryboardName = LaunchScreen;
				INFOPLIST_KEY_UIMainStoryboardFile = Main;
				INFOPLIST_KEY_UISupportedInterfaceOrientations_iPad = "UIInterfaceOrientationPortrait UIInterfaceOrientationPortraitUpsideDown UIInterfaceOrientationLandscapeLeft UIInterfaceOrientationLandscapeRight";
				INFOPLIST_KEY_UISupportedInterfaceOrientations_iPhone = "UIInterfaceOrientationPortrait UIInterfaceOrientationLandscapeLeft UIInterfaceOrientationLandscapeRight";
				LD_RUNPATH_SEARCH_PATHS = (
					"$(inherited)",
					"@executable_path/Frameworks",
				);
				MARKETING_VERSION = 1.0;
				PRODUCT_BUNDLE_IDENTIFIER = com.app.FlowMobileApp;
				PRODUCT_NAME = "$(TARGET_NAME)";
				SWIFT_EMIT_LOC_STRINGS = YES;
				SWIFT_VERSION = 5.0;
				TARGETED_DEVICE_FAMILY = "1,2";
			};
			name = Debug;
		};
		B200E77A2840B5AE0047B4F8 /* Release */ = {
			isa = XCBuildConfiguration;
			buildSettings = {
				ASSETCATALOG_COMPILER_APPICON_NAME = AppIcon;
				ASSETCATALOG_COMPILER_GLOBAL_ACCENT_COLOR_NAME = AccentColor;
				CODE_SIGN_STYLE = Automatic;
				CURRENT_PROJECT_VERSION = 1;
				DEVELOPMENT_TEAM = 6P8C5K6GS8;
				GENERATE_INFOPLIST_FILE = YES;
				INFOPLIST_FILE = FlowMobileApp/Info.plist;
				INFOPLIST_KEY_UIApplicationSupportsIndirectInputEvents = YES;
				INFOPLIST_KEY_UILaunchStoryboardName = LaunchScreen;
				INFOPLIST_KEY_UIMainStoryboardFile = Main;
				INFOPLIST_KEY_UISupportedInterfaceOrientations_iPad = "UIInterfaceOrientationPortrait UIInterfaceOrientationPortraitUpsideDown UIInterfaceOrientationLandscapeLeft UIInterfaceOrientationLandscapeRight";
				INFOPLIST_KEY_UISupportedInterfaceOrientations_iPhone = "UIInterfaceOrientationPortrait UIInterfaceOrientationLandscapeLeft UIInterfaceOrientationLandscapeRight";
				LD_RUNPATH_SEARCH_PATHS = (
					"$(inherited)",
					"@executable_path/Frameworks",
				);
				MARKETING_VERSION = 1.0;
				PRODUCT_BUNDLE_IDENTIFIER = com.app.FlowMobileApp;
				PRODUCT_NAME = "$(TARGET_NAME)";
				SWIFT_EMIT_LOC_STRINGS = YES;
				SWIFT_VERSION = 5.0;
				TARGETED_DEVICE_FAMILY = "1,2";
			};
			name = Release;
		};
		B200E77C2840B5AE0047B4F8 /* Debug */ = {
			isa = XCBuildConfiguration;
			buildSettings = {
				ALWAYS_EMBED_SWIFT_STANDARD_LIBRARIES = YES;
				BUNDLE_LOADER = "$(TEST_HOST)";
				CODE_SIGN_STYLE = Automatic;
				CURRENT_PROJECT_VERSION = 1;
				DEVELOPMENT_TEAM = 6P8C5K6GS8;
				GENERATE_INFOPLIST_FILE = YES;
				IPHONEOS_DEPLOYMENT_TARGET = 15.5;
				MARKETING_VERSION = 1.0;
				PRODUCT_BUNDLE_IDENTIFIER = com.app.FlowMobileAppTests;
				PRODUCT_NAME = "$(TARGET_NAME)";
				SWIFT_EMIT_LOC_STRINGS = NO;
				SWIFT_VERSION = 5.0;
				TARGETED_DEVICE_FAMILY = "1,2";
				TEST_HOST = "$(BUILT_PRODUCTS_DIR)/FlowMobileApp.app/FlowMobileApp";
			};
			name = Debug;
		};
		B200E77D2840B5AE0047B4F8 /* Release */ = {
			isa = XCBuildConfiguration;
			buildSettings = {
				ALWAYS_EMBED_SWIFT_STANDARD_LIBRARIES = YES;
				BUNDLE_LOADER = "$(TEST_HOST)";
				CODE_SIGN_STYLE = Automatic;
				CURRENT_PROJECT_VERSION = 1;
				DEVELOPMENT_TEAM = 6P8C5K6GS8;
				GENERATE_INFOPLIST_FILE = YES;
				IPHONEOS_DEPLOYMENT_TARGET = 15.5;
				MARKETING_VERSION = 1.0;
				PRODUCT_BUNDLE_IDENTIFIER = com.app.FlowMobileAppTests;
				PRODUCT_NAME = "$(TARGET_NAME)";
				SWIFT_EMIT_LOC_STRINGS = NO;
				SWIFT_VERSION = 5.0;
				TARGETED_DEVICE_FAMILY = "1,2";
				TEST_HOST = "$(BUILT_PRODUCTS_DIR)/FlowMobileApp.app/FlowMobileApp";
			};
			name = Release;
		};
		B200E77F2840B5AE0047B4F8 /* Debug */ = {
			isa = XCBuildConfiguration;
			buildSettings = {
				ALWAYS_EMBED_SWIFT_STANDARD_LIBRARIES = YES;
				CODE_SIGN_STYLE = Automatic;
				CURRENT_PROJECT_VERSION = 1;
				DEVELOPMENT_TEAM = 6P8C5K6GS8;
				GENERATE_INFOPLIST_FILE = YES;
				MARKETING_VERSION = 1.0;
				PRODUCT_BUNDLE_IDENTIFIER = com.app.FlowMobileAppUITests;
				PRODUCT_NAME = "$(TARGET_NAME)";
				SWIFT_EMIT_LOC_STRINGS = NO;
				SWIFT_VERSION = 5.0;
				TARGETED_DEVICE_FAMILY = "1,2";
				TEST_TARGET_NAME = FlowMobileApp;
			};
			name = Debug;
		};
		B200E7802840B5AE0047B4F8 /* Release */ = {
			isa = XCBuildConfiguration;
			buildSettings = {
				ALWAYS_EMBED_SWIFT_STANDARD_LIBRARIES = YES;
				CODE_SIGN_STYLE = Automatic;
				CURRENT_PROJECT_VERSION = 1;
				DEVELOPMENT_TEAM = 6P8C5K6GS8;
				GENERATE_INFOPLIST_FILE = YES;
				MARKETING_VERSION = 1.0;
				PRODUCT_BUNDLE_IDENTIFIER = com.app.FlowMobileAppUITests;
				PRODUCT_NAME = "$(TARGET_NAME)";
				SWIFT_EMIT_LOC_STRINGS = NO;
				SWIFT_VERSION = 5.0;
				TARGETED_DEVICE_FAMILY = "1,2";
				TEST_TARGET_NAME = FlowMobileApp;
			};
			name = Release;
		};
/* End XCBuildConfiguration section */

/* Begin XCConfigurationList section */
		B200E7492840B5AC0047B4F8 /* Build configuration list for PBXProject "FlowMobileApp" */ = {
			isa = XCConfigurationList;
			buildConfigurations = (
				B200E7762840B5AE0047B4F8 /* Debug */,
				B200E7772840B5AE0047B4F8 /* Release */,
			);
			defaultConfigurationIsVisible = 0;
			defaultConfigurationName = Release;
		};
		B200E7782840B5AE0047B4F8 /* Build configuration list for PBXNativeTarget "FlowMobileApp" */ = {
			isa = XCConfigurationList;
			buildConfigurations = (
				B200E7792840B5AE0047B4F8 /* Debug */,
				B200E77A2840B5AE0047B4F8 /* Release */,
			);
			defaultConfigurationIsVisible = 0;
			defaultConfigurationName = Release;
		};
		B200E77B2840B5AE0047B4F8 /* Build configuration list for PBXNativeTarget "FlowMobileAppTests" */ = {
			isa = XCConfigurationList;
			buildConfigurations = (
				B200E77C2840B5AE0047B4F8 /* Debug */,
				B200E77D2840B5AE0047B4F8 /* Release */,
			);
			defaultConfigurationIsVisible = 0;
			defaultConfigurationName = Release;
		};
		B200E77E2840B5AE0047B4F8 /* Build configuration list for PBXNativeTarget "FlowMobileAppUITests" */ = {
			isa = XCConfigurationList;
			buildConfigurations = (
				B200E77F2840B5AE0047B4F8 /* Debug */,
				B200E7802840B5AE0047B4F8 /* Release */,
			);
			defaultConfigurationIsVisible = 0;
			defaultConfigurationName = Release;
		};
/* End XCConfigurationList section */
	};
	rootObject = B200E7462840B5AC0047B4F8 /* Project object */;
}
